# THIS IS AN AUTOGENERATED FILE. DO NOT EDIT THIS FILE DIRECTLY.
# yarn lockfile v1


"@iarna/toml@^2.2.5":
  version "2.2.5"
  resolved "https://registry.yarnpkg.com/@iarna/toml/-/toml-2.2.5.tgz#b32366c89b43c6f8cefbdefac778b9c828e3ba8c"
  integrity sha512-trnsAYxU3xnS1gPHPyU961coFyLkh4gAD/0zQ5mymY4yOZ+CYvsPqUbOFSw0aDM4y0tV7tiFxL/1XfXPNC6IPg==

"@miniflare/cache@2.4.0":
  version "2.4.0"
  resolved "https://registry.yarnpkg.com/@miniflare/cache/-/cache-2.4.0.tgz#1b02e0519ef9306af51a366ec0e1c9189c676fd3"
  integrity sha512-tMDXlUVlThgFubJmlxZoKmLK8kBxDmuMbVMt7csHpXegzkuo2TmIsDqBE/C3CRiJ5xeCQgpD6iZtKBu5Zn5fRA==
  dependencies:
    "@miniflare/core" "2.4.0"
    "@miniflare/shared" "2.4.0"
    http-cache-semantics "^4.1.0"
    undici "4.13.0"

"@miniflare/cli-parser@2.4.0":
  version "2.4.0"
  resolved "https://registry.yarnpkg.com/@miniflare/cli-parser/-/cli-parser-2.4.0.tgz#20e7c71588fe5e62aeeaa804fbb297b503a835c8"
  integrity sha512-Xr5lO8f+oIr9r/b2dfo0on1p0MNN+pkwRHWoY5ACSnp9FaGnwm/g71DM7AajIQPIk0TpRsSVNDx8Ygj1LPT+sQ==
  dependencies:
    "@miniflare/shared" "2.4.0"
    kleur "^4.1.4"

"@miniflare/core@2.4.0":
  version "2.4.0"
  resolved "https://registry.yarnpkg.com/@miniflare/core/-/core-2.4.0.tgz#11a454aae60f87cf6523c259b3384698dac19403"
  integrity sha512-vYl8xaWTFzxtkbzx3IkT4Py0OAFdfmFnVo627O1HKHWVGlkjVr8UKtxBpIR+f5pq/HCMzzqA1HM9FXO0dQfy3A==
  dependencies:
    "@iarna/toml" "^2.2.5"
    "@miniflare/shared" "2.4.0"
    "@miniflare/watcher" "2.4.0"
    busboy "^0.3.1"
    dotenv "^10.0.0"
    kleur "^4.1.4"
    set-cookie-parser "^2.4.8"
    undici "4.13.0"

"@miniflare/durable-objects@2.4.0":
  version "2.4.0"
  resolved "https://registry.yarnpkg.com/@miniflare/durable-objects/-/durable-objects-2.4.0.tgz#5a9e487f4cc6255069f5fcff053d399c501d0e61"
  integrity sha512-VVLaUXXcAQcYE/3YmDLTacZf5OzR8bib6q1T9NqVb0uK5sLMQqyHvQdsG5rMqs7iyxfJxyZ0bL2OW9XGALOkoQ==
  dependencies:
    "@miniflare/core" "2.4.0"
    "@miniflare/shared" "2.4.0"
    "@miniflare/storage-memory" "2.4.0"
    undici "4.13.0"

"@miniflare/html-rewriter@2.4.0":
  version "2.4.0"
  resolved "https://registry.yarnpkg.com/@miniflare/html-rewriter/-/html-rewriter-2.4.0.tgz#d0025eeb7488b2b7a5167557eacdb8f2f28d92b1"
  integrity sha512-ZG8819N7LelDD+8+Ss5FZpVyQQq/V2igod0qE68JK4he/w4/yn57Rk6Efb49y15HoHAXl2RpCCsnCyIow/Xjug==
  dependencies:
    "@miniflare/core" "2.4.0"
    "@miniflare/shared" "2.4.0"
    html-rewriter-wasm "^0.4.1"
    undici "4.13.0"

"@miniflare/http-server@2.4.0":
  version "2.4.0"
  resolved "https://registry.yarnpkg.com/@miniflare/http-server/-/http-server-2.4.0.tgz#c0ef4734610fb6f512338bafa28f329be664c224"
  integrity sha512-r6Z/nqxE0oa1z63L95yvnG0PUeLRxZOeGS7ADxZMFKan4WD5lvYtSKDuDEm0lkbQshCOHQ3uXFr0cotOm8JoMQ==
  dependencies:
    "@miniflare/core" "2.4.0"
    "@miniflare/shared" "2.4.0"
    "@miniflare/web-sockets" "2.4.0"
    kleur "^4.1.4"
    selfsigned "^2.0.0"
    undici "4.13.0"
    ws "^8.2.2"
    youch "^2.2.2"

"@miniflare/kv@2.4.0":
  version "2.4.0"
  resolved "https://registry.yarnpkg.com/@miniflare/kv/-/kv-2.4.0.tgz#d76ebd4f8bac53619058e747fafb1427d3fbda5c"
  integrity sha512-1UW7f1386xR6EDEXNZOR1TpFwQfRRSxUPqD6m/U0WprlsbM0cIYGz+AUeaVbkFf8lfE2MeXCUrjbWsLOvsnw3g==
  dependencies:
    "@miniflare/shared" "2.4.0"

"@miniflare/runner-vm@2.4.0":
  version "2.4.0"
  resolved "https://registry.yarnpkg.com/@miniflare/runner-vm/-/runner-vm-2.4.0.tgz#79d1286dab7e93d3acfec3c1f99a08c0a675a61c"
  integrity sha512-7sdwBYzXQTwYeR3tTvQ+vJfzc7BXwqR8AUPK9l5gvCtg+Geq9sMslr5SikIJpgcvbYqKDjvC9DQEPJ3sqr9cSQ==
  dependencies:
    "@miniflare/shared" "2.4.0"

"@miniflare/scheduler@2.4.0":
  version "2.4.0"
  resolved "https://registry.yarnpkg.com/@miniflare/scheduler/-/scheduler-2.4.0.tgz#3bfbd4f50cd8f9aa9af38e1f8ac901ccfd976d2a"
  integrity sha512-dfMCXoAS8Y+3xABNxYju62I2xIBS54Op7ohCHoatvAM5RvualJUPICEMPZzX6/z29q5xPIeSLhLDhl/asAQ19w==
  dependencies:
    "@miniflare/core" "2.4.0"
    "@miniflare/shared" "2.4.0"
    cron-schedule "^3.0.4"

"@miniflare/shared@2.4.0":
  version "2.4.0"
  resolved "https://registry.yarnpkg.com/@miniflare/shared/-/shared-2.4.0.tgz#dde0c1fd1c668969720b282901a6fe60cf4e1447"
  integrity sha512-lPQFzBUVGNQ93gQ/dliToWnO0OqAgsD3/902Pd/IixVSRwRj3BTnYv2dHMUKZcODBPrhnbqZeqcPWdBLzEx8uw==
  dependencies:
    ignore "^5.1.8"
    kleur "^4.1.4"

"@miniflare/sites@2.4.0":
  version "2.4.0"
  resolved "https://registry.yarnpkg.com/@miniflare/sites/-/sites-2.4.0.tgz#24b59986661e3ba837ad257ff293506a10d94c47"
  integrity sha512-YZy/TujnR1lkBvCncDDQ8tsWsXRE4JJ4x9a0bKN/XnZh7r6OhDM0sw4BFcBQhT6Ukdtttam1O3FlJxnMitrDGg==
  dependencies:
    "@miniflare/kv" "2.4.0"
    "@miniflare/shared" "2.4.0"
    "@miniflare/storage-file" "2.4.0"

"@miniflare/storage-file@2.4.0":
  version "2.4.0"
  resolved "https://registry.yarnpkg.com/@miniflare/storage-file/-/storage-file-2.4.0.tgz#a86c6a866130c4148b2a5e4bbe7e978befa97968"
  integrity sha512-f1AUMz8xps/4VhNJMb8JeCevZFeU4pg2lIWmC11gG4xeq2nibTPBi6Qtx594Le7ZKij/tF6rRsoNfGau2Q5gdw==
  dependencies:
    "@miniflare/shared" "2.4.0"
    "@miniflare/storage-memory" "2.4.0"

"@miniflare/storage-memory@2.4.0":
  version "2.4.0"
  resolved "https://registry.yarnpkg.com/@miniflare/storage-memory/-/storage-memory-2.4.0.tgz#af3214bd17bc08e93f8f5750bf666c0152f5353e"
  integrity sha512-mhWwgHhDNtEa7y1bYbdVucV0lqUmzagYXUSppAdSGS5JPyJMyw3HseqRNTk6gC/vKlvEYlFf3ugWcREGCedr9A==
  dependencies:
    "@miniflare/shared" "2.4.0"

"@miniflare/watcher@2.4.0":
  version "2.4.0"
  resolved "https://registry.yarnpkg.com/@miniflare/watcher/-/watcher-2.4.0.tgz#3ac422d53461ef7ad0b335d4d58f925c6584a7f2"
  integrity sha512-gDQRUxwOjmctvowyd4Hcdy3fjxz3ERKzirp6TvA3AWUohKZk3IhwGlaA8aCwbdP+ELYQlG5wK44AfLSGi956fg==
  dependencies:
    "@miniflare/shared" "2.4.0"

"@miniflare/web-sockets@2.4.0":
  version "2.4.0"
  resolved "https://registry.yarnpkg.com/@miniflare/web-sockets/-/web-sockets-2.4.0.tgz#db9a080af7d5251fb388bdb86ffe8eac9009da2c"
  integrity sha512-cz/cN0GoQOXRLh80UmlcEJODPIw2ijKBK3PLRzvfTzqQ5avK6wp2M8Fj8C/5JIT6g7siwvBANyKXD3U3RpKGHQ==
  dependencies:
    "@miniflare/core" "2.4.0"
    "@miniflare/shared" "2.4.0"
    undici "4.13.0"
    ws "^8.2.2"

"@types/stack-trace@0.0.29":
  version "0.0.29"
  resolved "https://registry.yarnpkg.com/@types/stack-trace/-/stack-trace-0.0.29.tgz#eb7a7c60098edb35630ed900742a5ecb20cfcb4d"
  integrity sha512-TgfOX+mGY/NyNxJLIbDWrO9DjGoVSW9+aB8H2yy1fy32jsvxijhmyJI9fDFgvz3YP4lvJaq9DzdR/M1bOgVc9g==

buffer-from@^1.0.0:
  version "1.1.2"
  resolved "https://registry.yarnpkg.com/buffer-from/-/buffer-from-1.1.2.tgz#2b146a6fd72e80b4f55d255f35ed59a3a9a41bd5"
  integrity sha512-E+XQCRwSbaaiChtv6k6Dwgc+bx+Bs6vuKJHHl5kox/BaKbhiXzqQOwK4cO22yElGp2OCmjwVhT3HmxgyPGnJfQ==

busboy@^0.3.1:
  version "0.3.1"
  resolved "https://registry.yarnpkg.com/busboy/-/busboy-0.3.1.tgz#170899274c5bf38aae27d5c62b71268cd585fd1b"
  integrity sha512-y7tTxhGKXcyBxRKAni+awqx8uqaJKrSFSNFSeRG5CsWNdmy2BIK+6VGWEW7TZnIO/533mtMEA4rOevQV815YJw==
  dependencies:
    dicer "0.3.0"

cookie@^0.4.1:
  version "0.4.2"
  resolved "https://registry.yarnpkg.com/cookie/-/cookie-0.4.2.tgz#0e41f24de5ecf317947c82fc789e06a884824432"
  integrity sha512-aSWTXFzaKWkvHO1Ny/s+ePFpvKsPnjc551iI41v3ny/ow6tBG5Vd+FuqGNhh1LxOmVzOlGUriIlOaokOvhaStA==

cron-schedule@^3.0.4:
  version "3.0.6"
  resolved "https://registry.yarnpkg.com/cron-schedule/-/cron-schedule-3.0.6.tgz#7d0a3ad9154112fc3720fe43238a43d50e8465e7"
  integrity sha512-izfGgKyzzIyLaeb1EtZ3KbglkS6AKp9cv7LxmiyoOu+fXfol1tQDC0Cof0enVZGNtudTHW+3lfuW9ZkLQss4Wg==

deepmerge@^4.2.2:
  version "4.2.2"
  resolved "https://registry.yarnpkg.com/deepmerge/-/deepmerge-4.2.2.tgz#44d2ea3679b8f4d4ffba33f03d865fc1e7bf4955"
  integrity sha512-FJ3UgI4gIl+PHZm53knsuSFpE+nESMr7M4v9QcgB7S63Kj/6WqMiFQJpBBYz1Pt+66bZpP3Q7Lye0Oo9MPKEdg==

dicer@0.3.0:
  version "0.3.0"
  resolved "https://registry.yarnpkg.com/dicer/-/dicer-0.3.0.tgz#eacd98b3bfbf92e8ab5c2fdb71aaac44bb06b872"
  integrity sha512-MdceRRWqltEG2dZqO769g27N/3PXfcKl04VhYnBlo2YhH7zPi88VebsjTKclaOyiuMaGU72hTfw3VkUitGcVCA==
  dependencies:
    streamsearch "0.1.2"

dotenv@^10.0.0:
  version "10.0.0"
  resolved "https://registry.yarnpkg.com/dotenv/-/dotenv-10.0.0.tgz#3d4227b8fb95f81096cdd2b66653fb2c7085ba81"
  integrity sha512-rlBi9d8jpv9Sf1klPjNfFAuWDjKLwTIJJ/VxtoTwIR6hnZxcEOQCZg2oIL3MWBYw5GpUDKOEnND7LXTbIpQ03Q==

html-rewriter-wasm@^0.4.1:
  version "0.4.1"
  resolved "https://registry.yarnpkg.com/html-rewriter-wasm/-/html-rewriter-wasm-0.4.1.tgz#235e3d96c1aa4bfd2182661ee13881e290ff5ff2"
  integrity sha512-lNovG8CMCCmcVB1Q7xggMSf7tqPCijZXaH4gL6iE8BFghdQCbaY5Met9i1x2Ex8m/cZHDUtXK9H6/znKamRP8Q==

http-cache-semantics@^4.1.0:
  version "4.1.0"
  resolved "https://registry.yarnpkg.com/http-cache-semantics/-/http-cache-semantics-4.1.0.tgz#49e91c5cbf36c9b94bcfcd71c23d5249ec74e390"
  integrity sha512-carPklcUh7ROWRK7Cv27RPtdhYhUsela/ue5/jKzjegVvXDqM2ILE9Q2BGn9JZJh1g87cp56su/FgQSzcWS8cQ==

ignore@^5.1.8:
  version "5.2.0"
  resolved "https://registry.yarnpkg.com/ignore/-/ignore-5.2.0.tgz#6d3bac8fa7fe0d45d9f9be7bac2fc279577e345a"
  integrity sha512-CmxgYGiEPCLhfLnpPp1MoRmifwEIOgjcHXxOBjv7mY96c+eWScsOP9c112ZyLdWHi0FxHjI+4uVhKYp/gcdRmQ==

keyworkdb@latest:
  version "0.1.0"
  resolved "https://registry.yarnpkg.com/keyworkdb/-/keyworkdb-0.1.0.tgz#2aae49270fdf6d84086c4a2b841014456e64b749"
  integrity sha512-H0zWRnHsYMUb1KehDFWbnHP9ftGOtMKmNbFuD4vDHQdEd8RJT8s2NrJvSCzcRdAeOYoyKsyRr2A7SeWO+ZDF7g==
  dependencies:
    deepmerge "^4.2.2"
    lodash.isplainobject "^4.0.6"
    ulidx "^0.3.0"

kleur@^4.1.4:
  version "4.1.4"
  resolved "https://registry.yarnpkg.com/kleur/-/kleur-4.1.4.tgz#8c202987d7e577766d039a8cd461934c01cda04d"
  integrity sha512-8QADVssbrFjivHWQU7KkMgptGTl6WAcSdlbBPY4uNF+mWr6DGcKrvY2w4FQJoXch7+fKMjj0dRrL75vk3k23OA==

layerr@^0.1.2:
  version "0.1.2"
  resolved "https://registry.yarnpkg.com/layerr/-/layerr-0.1.2.tgz#16c8e7fb042d3595ab15492bdad088f31d7afd15"
  integrity sha512-ob5kTd9H3S4GOG2nVXyQhOu9O8nBgP555XxWPkJI0tR0JeRilfyTp8WtPdIJHLXBmHMSdEq5+KMxiYABeScsIQ==

lodash.isplainobject@^4.0.6:
  version "4.0.6"
  resolved "https://registry.yarnpkg.com/lodash.isplainobject/-/lodash.isplainobject-4.0.6.tgz#7c526a52d89b45c45cc690b88163be0497f550cb"
  integrity sha1-fFJqUtibRcRcxpC4gWO+BJf1UMs=

miniflare@^2.4.0:
  version "2.4.0"
  resolved "https://registry.yarnpkg.com/miniflare/-/miniflare-2.4.0.tgz#e09aa92a7146760943710c69ea94b99b7a15e0fb"
  integrity sha512-xOBL/dQsUL95rxIYO+KrrVPPpm2TAf6TKl4AvhcjSfUeVkzDWd/y9f7hXCt8x6srDoK0Z2LpYouatvSfSUzGOw==
  dependencies:
    "@miniflare/cache" "2.4.0"
    "@miniflare/cli-parser" "2.4.0"
    "@miniflare/core" "2.4.0"
    "@miniflare/durable-objects" "2.4.0"
    "@miniflare/html-rewriter" "2.4.0"
    "@miniflare/http-server" "2.4.0"
    "@miniflare/kv" "2.4.0"
    "@miniflare/runner-vm" "2.4.0"
    "@miniflare/scheduler" "2.4.0"
    "@miniflare/shared" "2.4.0"
    "@miniflare/sites" "2.4.0"
    "@miniflare/storage-file" "2.4.0"
    "@miniflare/storage-memory" "2.4.0"
    "@miniflare/web-sockets" "2.4.0"
    kleur "^4.1.4"
    semiver "^1.1.0"
    source-map-support "^0.5.20"
    undici "4.13.0"

mustache@^4.2.0:
  version "4.2.0"
  resolved "https://registry.yarnpkg.com/mustache/-/mustache-4.2.0.tgz#e5892324d60a12ec9c2a73359edca52972bf6f64"
  integrity sha512-71ippSywq5Yb7/tVYyGbkBggbU8H3u5Rz56fH60jGFgr8uHwxs+aSKeqmluIVzM0m0kB7xQjKS6qPfd0b2ZoqQ==

node-forge@^1:
  version "1.3.1"
  resolved "https://registry.yarnpkg.com/node-forge/-/node-forge-1.3.1.tgz#be8da2af243b2417d5f646a770663a92b7e9ded3"
  integrity sha512-dPEtOeMvF9VMcYV/1Wb8CPoVAXtp6MKMlcbAt4ddqmGqUJ6fQZFXkNZNkNlfevtNkGtaSoXf/vNNNSvgrdXwtA==

selfsigned@^2.0.0:
  version "2.0.1"
  resolved "https://registry.yarnpkg.com/selfsigned/-/selfsigned-2.0.1.tgz#8b2df7fa56bf014d19b6007655fff209c0ef0a56"
  integrity sha512-LmME957M1zOsUhG+67rAjKfiWFox3SBxE/yymatMZsAx+oMrJ0YQ8AToOnyCm7xbeg2ep37IHLxdu0o2MavQOQ==
  dependencies:
    node-forge "^1"

semiver@^1.1.0:
  version "1.1.0"
  resolved "https://registry.yarnpkg.com/semiver/-/semiver-1.1.0.tgz#9c97fb02c21c7ce4fcf1b73e2c7a24324bdddd5f"
  integrity sha512-QNI2ChmuioGC1/xjyYwyZYADILWyW6AmS1UH6gDj/SFUUUS4MBAWs/7mxnkRPc/F4iHezDP+O8t0dO8WHiEOdg==

set-cookie-parser@^2.4.8:
  version "2.4.8"
  resolved "https://registry.yarnpkg.com/set-cookie-parser/-/set-cookie-parser-2.4.8.tgz#d0da0ed388bc8f24e706a391f9c9e252a13c58b2"
  integrity sha512-edRH8mBKEWNVIVMKejNnuJxleqYE/ZSdcT8/Nem9/mmosx12pctd80s2Oy00KNZzrogMZS5mauK2/ymL1bvlvg==

source-map-support@^0.5.20:
  version "0.5.21"
  resolved "https://registry.yarnpkg.com/source-map-support/-/source-map-support-0.5.21.tgz#04fe7c7f9e1ed2d662233c28cb2b35b9f63f6e4f"
  integrity sha512-uBHU3L3czsIyYXKX88fdrGovxdSCoTGDRZ6SYXtSRxLZUzHg5P/66Ht6uoUlHu9EZod+inXhKo3qQgwXUT/y1w==
  dependencies:
    buffer-from "^1.0.0"
    source-map "^0.6.0"

source-map@^0.6.0:
  version "0.6.1"
  resolved "https://registry.yarnpkg.com/source-map/-/source-map-0.6.1.tgz#74722af32e9614e9c287a8d0bbde48b5e2f1a263"
  integrity sha512-UjgapumWlbMhkBgzT7Ykc5YXUT46F0iKu8SGXq0bcwP5dz/h0Plj6enJqjz1Zbq2l5WaqYnrVbwWOWMyF3F47g==

stack-trace@0.0.10:
  version "0.0.10"
  resolved "https://registry.yarnpkg.com/stack-trace/-/stack-trace-0.0.10.tgz#547c70b347e8d32b4e108ea1a2a159e5fdde19c0"
  integrity sha1-VHxws0fo0ytOEI6hoqFZ5f3eGcA=

streamsearch@0.1.2:
  version "0.1.2"
  resolved "https://registry.yarnpkg.com/streamsearch/-/streamsearch-0.1.2.tgz#808b9d0e56fc273d809ba57338e929919a1a9f1a"
  integrity sha1-gIudDlb8Jz2Am6VzOOkpkZoanxo=

ulidx@^0.3.0:
  version "0.3.0"
  resolved "https://registry.yarnpkg.com/ulidx/-/ulidx-0.3.0.tgz#19899adb2d8c57d4f6d598ab63da9164634a5251"
  integrity sha512-Qvpa2xAzS6fBUpiqHSHWvn6XiSLCAPyNDDz035vsEWmUoXRqC4c9JySLIfdBuK0N1xGBxng6GHDOZgyNQfxAHg==
  dependencies:
    layerr "^0.1.2"

undici@4.13.0:
  version "4.13.0"
  resolved "https://registry.yarnpkg.com/undici/-/undici-4.13.0.tgz#7d10fe150c3241a6b3b0eba80eff59c9fb40f359"
  integrity sha512-8lk8S/f2V0VUNGf2scU2b+KI2JSzEQLdCyRNRF3XmHu+5jectlSDaPSBCXAHFaUlt1rzngzOBVDgJS9/Gue/KA==

ws@^8.2.2:
  version "8.6.0"
  resolved "https://registry.yarnpkg.com/ws/-/ws-8.6.0.tgz#e5e9f1d9e7ff88083d0c0dd8281ea662a42c9c23"
  integrity sha512-AzmM3aH3gk0aX7/rZLYvjdvZooofDu3fFOzGqcSnQ1tOcTWwhM/o+q++E8mAyVVIyUdajrkzWUGftaVSDLn1bw==

youch@^2.2.2:
  version "2.2.2"
  resolved "https://registry.yarnpkg.com/youch/-/youch-2.2.2.tgz#cb87a359a5c524ebd35eb07ca3a1521dbc7e1a3e"
  integrity sha512-/FaCeG3GkuJwaMR34GHVg0l8jCbafZLHiFowSjqLlqhC6OMyf2tPJBu8UirF7/NI9X/R5ai4QfEKUCOxMAGxZQ==
  dependencies:
    "@types/stack-trace" "0.0.29"
    cookie "^0.4.1"
    mustache "^4.2.0"
    stack-trace "0.0.10"
